
Microsoft Visual Studio Solution File, Format Version 12.00
# Visual Studio Version 17
VisualStudioVersion = 17.3.32929.385
MinimumVisualStudioVersion = 10.0.40219.1
Project("{9A19103F-16F7-4668-BE54-9A1E7A4F7556}") = "BlazingPizza2022.Server", "BlazingPizza2022\Server\BlazingPizza2022.Server.csproj", "{9DD2C333-A743-490B-AD90-FF35CE4D7017}"
EndProject
Project("{9A19103F-16F7-4668-BE54-9A1E7A4F7556}") = "BlazingPizza2022.Client", "BlazingPizza2022\Client\BlazingPizza2022.Client.csproj", "{1771333E-2EA4-4F55-A035-BAA556DEE4B9}"
EndProject
Project("{9A19103F-16F7-4668-BE54-9A1E7A4F7556}") = "BlazingPizza2022.Shared", "BlazingPizza2022\Shared\BlazingPizza2022.Shared.csproj", "{F9D2A8FE-FD33-49F7-A4BA-18526D835B2C}"
EndProject
Global
	GlobalSection(SolutionConfigurationPlatforms) = preSolution
		Debug|Any CPU = Debug|Any CPU
		Release|Any CPU = Release|Any CPU
	EndGlobalSection
	GlobalSection(ProjectConfigurationPlatforms) = postSolution
		{9DD2C333-A743-490B-AD90-FF35CE4D7017}.Debug|Any CPU.ActiveCfg = Debug|Any CPU
		{9DD2C333-A743-490B-AD90-FF35CE4D7017}.Debug|Any CPU.Build.0 = Debug|Any CPU
		{9DD2C333-A743-490B-AD90-FF35CE4D7017}.Release|Any CPU.ActiveCfg = Release|Any CPU
		{9DD2C333-A743-490B-AD90-FF35CE4D7017}.Release|Any CPU.Build.0 = Release|Any CPU
		{1771333E-2EA4-4F55-A035-BAA556DEE4B9}.Debug|Any CPU.ActiveCfg = Debug|Any CPU
		{1771333E-2EA4-4F55-A035-BAA556DEE4B9}.Debug|Any CPU.Build.0 = Debug|Any CPU
		{1771333E-2EA4-4F55-A035-BAA556DEE4B9}.Release|Any CPU.ActiveCfg = Release|Any CPU
		{1771333E-2EA4-4F55-A035-BAA556DEE4B9}.Release|Any CPU.Build.0 = Release|Any CPU
		{F9D2A8FE-FD33-49F7-A4BA-18526D835B2C}.Debug|Any CPU.ActiveCfg = Debug|Any CPU
		{F9D2A8FE-FD33-49F7-A4BA-18526D835B2C}.Debug|Any CPU.Build.0 = Debug|Any CPU
		{F9D2A8FE-FD33-49F7-A4BA-18526D835B2C}.Release|Any CPU.ActiveCfg = Release|Any CPU
		{F9D2A8FE-FD33-49F7-A4BA-18526D835B2C}.Release|Any CPU.Build.0 = Release|Any CPU
	EndGlobalSection
	GlobalSection(SolutionProperties) = preSolution
		HideSolutionNode = FALSE
	EndGlobalSection
	GlobalSection(ExtensibilityGlobals) = postSolution
		SolutionGuid = {3C54D5DE-0CC2-4FA3-A4DA-81944111091B}
	EndGlobalSection
EndGlobal
